
Microsoft Visual Studio Solution File, Format Version 12.00
# Visual Studio Version 17
VisualStudioVersion = 17.10.35122.118
MinimumVisualStudioVersion = 10.0.40219.1
Project("{FAE04EC0-301F-11D3-BF4B-00C04F79EFBC}") = "Dictionary-TKey, TValue-", "Dictionary-TKey, TValue-\Dictionary-TKey, TValue-.csproj", "{01E4B23B-21C8-4D17-8CFB-86F3D304ADC1}"
EndProject
Global
	GlobalSection(SolutionConfigurationPlatforms) = preSolution
		Debug|Any CPU = Debug|Any CPU
		Release|Any CPU = Release|Any CPU
	EndGlobalSection
	GlobalSection(ProjectConfigurationPlatforms) = postSolution
		{01E4B23B-21C8-4D17-8CFB-86F3D304ADC1}.Debug|Any CPU.ActiveCfg = Debug|Any CPU
		{01E4B23B-21C8-4D17-8CFB-86F3D304ADC1}.Debug|Any CPU.Build.0 = Debug|Any CPU
		{01E4B23B-21C8-4D17-8CFB-86F3D304ADC1}.Release|Any CPU.ActiveCfg = Release|Any CPU
		{01E4B23B-21C8-4D17-8CFB-86F3D304ADC1}.Release|Any CPU.Build.0 = Release|Any CPU
	EndGlobalSection
	GlobalSection(SolutionProperties) = preSolution
		HideSolutionNode = FALSE
	EndGlobalSection
	GlobalSection(ExtensibilityGlobals) = postSolution
		SolutionGuid = {F892C226-844C-4A93-A539-1BDE16DFA710}
	EndGlobalSection
EndGlobal
